{
  "requires": true,
  "lockfileVersion": 1,
  "dependencies": {
    "animate.css": {
      "version": "4.1.1"
    },
    "axios-adapter-uniapp": {
      "version": "0.1.3",
      "requires": {
        "axios": "^0.21.4"
      },
      "dependencies": {
        "axios": {
          "version": "0.21.4",
          "resolved": "https://registry.npmjs.org/axios/-/axios-0.21.4.tgz",
          "integrity": "sha512-ut5vewkiu8jjGBdqpM44XxjuCjq9LAKeHVmoVfHVzy8eHgxxq8SbAVQNovDA8mVi05kP0Ea/n/UzcSHcTJQfNg==",
          "requires": {
            "follow-redirects": "^1.14.0"
          }
        }
      }
    },
    "core-js": {
      "version": "3.20.3",
      "resolved": "https://registry.npmjs.org/core-js/-/core-js-3.20.3.tgz",
      "integrity": "sha512-vVl8j8ph6tRS3B8qir40H7yw7voy17xL0piAjlbBUsH7WIfzoedL/ZOr1OV9FyZQLWXsayOJyV4tnRyXR85/ag=="
    },
    "follow-redirects": {
      "version": "1.14.6",
      "resolved": "https://registry.npmjs.org/follow-redirects/-/follow-redirects-1.14.6.tgz",
      "integrity": "sha512-fhUl5EwSJbbl8AR+uYL2KQDxLkdSjZGR36xy46AO7cOMTrCMON6Sa28FmAnC2tRTDbd/Uuzz3aJBv7EBN7JH8A=="
    },
    "uview-ui": {
      "version": "2.0.19"
    },
    "vue": {
      "version": "2.6.14",
      "resolved": "https://registry.npmjs.org/vue/-/vue-2.6.14.tgz",
      "integrity": "sha512-x2284lgYvjOMj3Za7kqzRcUSxBboHqtgRE2zlos1qWaOye5yUmHn42LB1250NJBLRwEcdrB0JRwyPTEPhfQjiQ=="
    },
    "vue-audio-visual": {
      "version": "2.4.0",
      "resolved": "https://registry.npmjs.org/vue-audio-visual/-/vue-audio-visual-2.4.0.tgz",
      "integrity": "sha512-I4rUzJ/g3Np4LvAJ0Sjj2EFRV/uNzpbmM/NA7EjbWd3NwLj8+7sBBeGeFOYljx3FVhSEt3dKIFvtSPFjhQk0lw==",
      "requires": {
        "axios": "^0.24.0",
        "core-js": "^3.7.0",
        "vue": "^2.6.12"
      },
      "dependencies": {
        "axios": {
          "version": "0.24.0",
          "resolved": "https://registry.npmjs.org/axios/-/axios-0.24.0.tgz",
          "integrity": "sha512-Q6cWsys88HoPgAaFAVUb0WpPk0O8iTeisR9IMqy9G8AbO4NlpVknrnQS03zzF9PGAWgO3cgletO3VjV/P7VztA==",
          "requires": {
            "follow-redirects": "^1.14.4"
          }
        }
      }
    },
    "vuex": {
      "version": "3.6.2"
    }
  }
}
